lockfileVersion: '9.0'

settings:
  autoInstallPeers: true
  excludeLinksFromLockfile: false

importers:

  .:
    devDependencies:
      turbo:
        specifier: 2.9.2-canary.4
        version: 2.9.2-canary.4

  apps/app-a:
    dependencies:
      pkg-a:
        specifier: workspace:*
        version: link:../../packages/pkg-a
      tooling-config:
        specifier: workspace:*
        version: link:../../packages/tooling-config

  apps/app-b:
    dependencies:
      pkg-b:
        specifier: workspace:*
        version: link:../../packages/pkg-b
      tooling-config:
        specifier: workspace:*
        version: link:../../packages/tooling-config

  packages/pkg-a:
    dependencies:
      tooling-config:
        specifier: workspace:*
        version: link:../tooling-config

  packages/pkg-b:
    dependencies:
      tooling-config:
        specifier: workspace:*
        version: link:../tooling-config

  packages/tooling-config: {}

packages:

  '@turbo/darwin-64@2.9.2-canary.4':
    resolution: {integrity: sha512-i1+2twLPIUbL3fmZAERjaFnRp+dF1pdLhlelrgSYiKBfbG3jPsRsj+zSFovdnbzw6HleM0yQ17KYPrR1rqXkcA==}
    cpu: [x64]
    os: [darwin]

  '@turbo/darwin-arm64@2.9.2-canary.4':
    resolution: {integrity: sha512-R5s96KwzeSwUw4EOL7jcB+6qtOycVzvYK5YswFZHy3Qf4xDrVZAe8LFCRw5c6bcmv+3iLGbxaHJd4LaqEV+9mw==}
    cpu: [arm64]
    os: [darwin]

  '@turbo/linux-64@2.9.2-canary.4':
    resolution: {integrity: sha512-2Ac9WQi28pn5bQj3CGxEDPqr3yYsAVAvdE64lgItApTcgktKHonUTi3LPBX4D4EQyW1sOu67I91vKsTF4zSGbQ==}
    cpu: [x64]
    os: [linux]

  '@turbo/linux-arm64@2.9.2-canary.4':
    resolution: {integrity: sha512-w7shzJyqz2zeuQ2ptXsBCiXZp5MS3bHBDOLDWB8biTO8p48JRbV4fROP2n58G6c5WSa7U7H7laLOEhFXuNfk+Q==}
    cpu: [arm64]
    os: [linux]

  '@turbo/windows-64@2.9.2-canary.4':
    resolution: {integrity: sha512-PudqK4xvoGcF6sXuuFKnBtTBVKmzcL8VYLu70m5xNTnYWx2RYryYcB9Hf21FhbKVrUKQ0NlHUOj3JZ9FhZ+E2w==}
    cpu: [x64]
    os: [win32]

  '@turbo/windows-arm64@2.9.2-canary.4':
    resolution: {integrity: sha512-YYknXSgUHc7HFiSJTcB3Ov/T8DuNaYVXWzQiGn6mbEkimqoGkPeDvrdNSaG/iHOAisAO/RKT47HVvh0Bqzys6A==}
    cpu: [arm64]
    os: [win32]

  turbo@2.9.2-canary.4:
    resolution: {integrity: sha512-Uii+MnlsPsOfAMsaCnMSSSXlJYvuQIy8Ga5BaK/RRM/AGAKiHPVKX8+N6F0oNGTK2Ko9YNtuMILF2DLx9KVEiw==}
    hasBin: true

snapshots:

  '@turbo/darwin-64@2.9.2-canary.4':
    optional: true

  '@turbo/darwin-arm64@2.9.2-canary.4':
    optional: true

  '@turbo/linux-64@2.9.2-canary.4':
    optional: true

  '@turbo/linux-arm64@2.9.2-canary.4':
    optional: true

  '@turbo/windows-64@2.9.2-canary.4':
    optional: true

  '@turbo/windows-arm64@2.9.2-canary.4':
    optional: true

  turbo@2.9.2-canary.4:
    optionalDependencies:
      '@turbo/darwin-64': 2.9.2-canary.4
      '@turbo/darwin-arm64': 2.9.2-canary.4
      '@turbo/linux-64': 2.9.2-canary.4
      '@turbo/linux-arm64': 2.9.2-canary.4
      '@turbo/windows-64': 2.9.2-canary.4
      '@turbo/windows-arm64': 2.9.2-canary.4
